// !$*UTF8*$!
{
	archiveVersion = 1;
	classes = {
	};
	objectVersion = 46;
	objects = {

/* Begin PBXBuildFile section */
		4976AA1B1C61CEA500D36B29 /* main.m in Sources */ = {isa = PBXBuildFile; fileRef = 4976AA1A1C61CEA500D36B29 /* main.m */; };
		4976AA1E1C61CEA500D36B29 /* AppDelegate.m in Sources */ = {isa = PBXBuildFile; fileRef = 4976AA1D1C61CEA500D36B29 /* AppDelegate.m */; };
		4976AA211C61CEA500D36B29 /* ViewController.m in Sources */ = {isa = PBXBuildFile; fileRef = 4976AA201C61CEA500D36B29 /* ViewController.m */; };
		4976AA241C61CEA500D36B29 /* Main.storyboard in Resources */ = {isa = PBXBuildFile; fileRef = 4976AA221C61CEA500D36B29 /* Main.storyboard */; };
		4976AA261C61CEA500D36B29 /* Assets.xcassets in Resources */ = {isa = PBXBuildFile; fileRef = 4976AA251C61CEA500D36B29 /* Assets.xcassets */; };
		4976AA291C61CEA500D36B29 /* LaunchScreen.storyboard in Resources */ = {isa = PBXBuildFile; fileRef = 4976AA271C61CEA500D36B29 /* LaunchScreen.storyboard */; };
		4976AA341C61CEA500D36B29 /* DongalTests.m in Sources */ = {isa = PBXBuildFile; fileRef = 4976AA331C61CEA500D36B29 /* DongalTests.m */; };
		4976AA3F1C61CEA500D36B29 /* DongalUITests.m in Sources */ = {isa = PBXBuildFile; fileRef = 4976AA3E1C61CEA500D36B29 /* DongalUITests.m */; };
/* End PBXBuildFile section */

/* Begin PBXContainerItemProxy section */
		4976AA301C61CEA500D36B29 /* PBXContainerItemProxy */ = {
			isa = PBXContainerItemProxy;
			containerPortal = 4976AA0E1C61CEA500D36B29 /* Project object */;
			proxyType = 1;
			remoteGlobalIDString = 4976AA151C61CEA500D36B29;
			remoteInfo = Dongal;
		};
		4976AA3B1C61CEA500D36B29 /* PBXContainerItemProxy */ = {
			isa = PBXContainerItemProxy;
			containerPortal = 4976AA0E1C61CEA500D36B29 /* Project object */;
			proxyType = 1;
			remoteGlobalIDString = 4976AA151C61CEA500D36B29;
			remoteInfo = Dongal;
		};
/* End PBXContainerItemProxy section */

/* Begin PBXFileReference section */
		4976AA161C61CEA500D36B29 /* Dongal.app */ = {isa = PBXFileReference; explicitFileType = wrapper.application; includeInIndex = 0; path = Dongal.app; sourceTree = BUILT_PRODUCTS_DIR; };
		4976AA1A1C61CEA500D36B29 /* main.m */ = {isa = PBXFileReference; lastKnownFileType = sourcecode.c.objc; path = main.m; sourceTree = "<group>"; };
		4976AA1C1C61CEA500D36B29 /* AppDelegate.h */ = {isa = PBXFileReference; lastKnownFileType = sourcecode.c.h; path = AppDelegate.h; sourceTree = "<group>"; };
		4976AA1D1C61CEA500D36B29 /* AppDelegate.m */ = {isa = PBXFileReference; lastKnownFileType = sourcecode.c.objc; path = AppDelegate.m; sourceTree = "<group>"; };
		4976AA1F1C61CEA500D36B29 /* ViewController.h */ = {isa = PBXFileReference; lastKnownFileType = sourcecode.c.h; path = ViewController.h; sourceTree = "<group>"; };
		4976AA201C61CEA500D36B29 /* ViewController.m */ = {isa = PBXFileReference; lastKnownFileType = sourcecode.c.objc; path = ViewController.m; sourceTree = "<group>"; };
		4976AA231C61CEA500D36B29 /* Base */ = {isa = PBXFileReference; lastKnownFileType = file.storyboard; name = Base; path = Base.lproj/Main.storyboard; sourceTree = "<group>"; };
		4976AA251C61CEA500D36B29 /* Assets.xcassets */ = {isa = PBXFileReference; lastKnownFileType = folder.assetcatalog; path = Assets.xcassets; sourceTree = "<group>"; };
		4976AA281C61CEA500D36B29 /* Base */ = {isa = PBXFileReference; lastKnownFileType = file.storyboard; name = Base; path = Base.lproj/LaunchScreen.storyboard; sourceTree = "<group>"; };
		4976AA2A1C61CEA500D36B29 /* Info.plist */ = {isa = PBXFileReference; lastKnownFileType = text.plist.xml; path = Info.plist; sourceTree = "<group>"; };
		4976AA2F1C61CEA500D36B29 /* DongalTests.xctest */ = {isa = PBXFileReference; explicitFileType = wrapper.cfbundle; includeInIndex = 0; path = DongalTests.xctest; sourceTree = BUILT_PRODUCTS_DIR; };
		4976AA331C61CEA500D36B29 /* DongalTests.m */ = {isa = PBXFileReference; lastKnownFileType = sourcecode.c.objc; path = DongalTests.m; sourceTree = "<group>"; };
		4976AA351C61CEA500D36B29 /* Info.plist */ = {isa = PBXFileReference; lastKnownFileType = text.plist.xml; path = Info.plist; sourceTree = "<group>"; };
		4976AA3A1C61CEA500D36B29 /* DongalUITests.xctest */ = {isa = PBXFileReference; explicitFileType = wrapper.cfbundle; includeInIndex = 0; path = DongalUITests.xctest; sourceTree = BUILT_PRODUCTS_DIR; };
		4976AA3E1C61CEA500D36B29 /* DongalUITests.m */ = {isa = PBXFileReference; lastKnownFileType = sourcecode.c.objc; path = DongalUITests.m; sourceTree = "<group>"; };
		4976AA401C61CEA500D36B29 /* Info.plist */ = {isa = PBXFileReference; lastKnownFileType = text.plist.xml; path = Info.plist; sourceTree = "<group>"; };
/* End PBXFileReference section */

/* Begin PBXFrameworksBuildPhase section */
		4976AA131C61CEA500D36B29 /* Frameworks */ = {
			isa = PBXFrameworksBuildPhase;
			buildActionMask = 2147483647;
			files = (
			);
			runOnlyForDeploymentPostprocessing = 0;
		};
		4976AA2C1C61CEA500D36B29 /* Frameworks */ = {
			isa = PBXFrameworksBuildPhase;
			buildActionMask = 2147483647;
			files = (
			);
			runOnlyForDeploymentPostprocessing = 0;
		};
		4976AA371C61CEA500D36B29 /* Frameworks */ = {
			isa = PBXFrameworksBuildPhase;
			buildActionMask = 2147483647;
			files = (
			);
			runOnlyForDeploymentPostprocessing = 0;
		};
/* End PBXFrameworksBuildPhase section */

/* Begin PBXGroup section */
		4976AA0D1C61CEA500D36B29 = {
			isa = PBXGroup;
			children = (
				4976AA181C61CEA500D36B29 /* Dongal */,
				4976AA321C61CEA500D36B29 /* DongalTests */,
				4976AA3D1C61CEA500D36B29 /* DongalUITests */,
				4976AA171C61CEA500D36B29 /* Products */,
			);
			sourceTree = "<group>";
		};
		4976AA171C61CEA500D36B29 /* Products */ = {
			isa = PBXGroup;
			children = (
				4976AA161C61CEA500D36B29 /* Dongal.app */,
				4976AA2F1C61CEA500D36B29 /* DongalTests.xctest */,
				4976AA3A1C61CEA500D36B29 /* DongalUITests.xctest */,
			);
			name = Products;
			sourceTree = "<group>";
		};
		4976AA181C61CEA500D36B29 /* Dongal */ = {
			isa = PBXGroup;
			children = (
				4976AA1C1C61CEA500D36B29 /* AppDelegate.h */,
				4976AA1D1C61CEA500D36B29 /* AppDelegate.m */,
				4976AA1F1C61CEA500D36B29 /* ViewController.h */,
				4976AA201C61CEA500D36B29 /* ViewController.m */,
				4976AA221C61CEA500D36B29 /* Main.storyboard */,
				4976AA251C61CEA500D36B29 /* Assets.xcassets */,
				4976AA271C61CEA500D36B29 /* LaunchScreen.storyboard */,
				4976AA2A1C61CEA500D36B29 /* Info.plist */,
				4976AA191C61CEA500D36B29 /* Supporting Files */,
			);
			path = Dongal;
			sourceTree = "<group>";
		};
		4976AA191C61CEA500D36B29 /* Supporting Files */ = {
			isa = PBXGroup;
			children = (
				4976AA1A1C61CEA500D36B29 /* main.m */,
			);
			name = "Supporting Files";
			sourceTree = "<group>";
		};
		4976AA321C61CEA500D36B29 /* DongalTests */ = {
			isa = PBXGroup;
			children = (
				4976AA331C61CEA500D36B29 /* DongalTests.m */,
				4976AA351C61CEA500D36B29 /* Info.plist */,
			);
			path = DongalTests;
			sourceTree = "<group>";
		};
		4976AA3D1C61CEA500D36B29 /* DongalUITests */ = {
			isa = PBXGroup;
			children = (
				4976AA3E1C61CEA500D36B29 /* DongalUITests.m */,
				4976AA401C61CEA500D36B29 /* Info.plist */,
			);
			path = DongalUITests;
			sourceTree = "<group>";
		};
/* End PBXGroup section */

/* Begin PBXNativeTarget section */
		4976AA151C61CEA500D36B29 /* Dongal */ = {
			isa = PBXNativeTarget;
			buildConfigurationList = 4976AA431C61CEA500D36B29 /* Build configuration list for PBXNativeTarget "Dongal" */;
			buildPhases = (
				4976AA121C61CEA500D36B29 /* Sources */,
				4976AA131C61CEA500D36B29 /* Frameworks */,
				4976AA141C61CEA500D36B29 /* Resources */,
			);
			buildRules = (
			);
			dependencies = (
			);
			name = Dongal;
			productName = Dongal;
			productReference = 4976AA161C61CEA500D36B29 /* Dongal.app */;
			productType = "com.apple.product-type.application";
		};
		4976AA2E1C61CEA500D36B29 /* DongalTests */ = {
			isa = PBXNativeTarget;
			buildConfigurationList = 4976AA461C61CEA500D36B29 /* Build configuration list for PBXNativeTarget "DongalTests" */;
			buildPhases = (
				4976AA2B1C61CEA500D36B29 /* Sources */,
				4976AA2C1C61CEA500D36B29 /* Frameworks */,
				4976AA2D1C61CEA500D36B29 /* Resources */,
			);
			buildRules = (
			);
			dependencies = (
				4976AA311C61CEA500D36B29 /* PBXTargetDependency */,
			);
			name = DongalTests;
			productName = DongalTests;
			productReference = 4976AA2F1C61CEA500D36B29 /* DongalTests.xctest */;
			productType = "com.apple.product-type.bundle.unit-test";
		};
		4976AA391C61CEA500D36B29 /* DongalUITests */ = {
			isa = PBXNativeTarget;
			buildConfigurationList = 4976AA491C61CEA500D36B29 /* Build configuration list for PBXNativeTarget "DongalUITests" */;
			buildPhases = (
				4976AA361C61CEA500D36B29 /* Sources */,
				4976AA371C61CEA500D36B29 /* Frameworks */,
				4976AA381C61CEA500D36B29 /* Resources */,
			);
			buildRules = (
			);
			dependencies = (
				4976AA3C1C61CEA500D36B29 /* PBXTargetDependency */,
			);
			name = DongalUITests;
			productName = DongalUITests;
			productReference = 4976AA3A1C61CEA500D36B29 /* DongalUITests.xctest */;
			productType = "com.apple.product-type.bundle.ui-testing";
		};
/* End PBXNativeTarget section */

/* Begin PBXProject section */
		4976AA0E1C61CEA500D36B29 /* Project object */ = {
			isa = PBXProject;
			attributes = {
				LastUpgradeCheck = 0720;
				ORGANIZATIONNAME = com.twentyApps;
				TargetAttributes = {
					4976AA151C61CEA500D36B29 = {
						CreatedOnToolsVersion = 7.2;
					};
					4976AA2E1C61CEA500D36B29 = {
						CreatedOnToolsVersion = 7.2;
						TestTargetID = 4976AA151C61CEA500D36B29;
					};
					4976AA391C61CEA500D36B29 = {
						CreatedOnToolsVersion = 7.2;
						TestTargetID = 4976AA151C61CEA500D36B29;
					};
				};
			};
			buildConfigurationList = 4976AA111C61CEA500D36B29 /* Build configuration list for PBXProject "Dongal" */;
			compatibilityVersion = "Xcode 3.2";
			developmentRegion = English;
			hasScannedForEncodings = 0;
			knownRegions = (
				en,
				Base,
			);
			mainGroup = 4976AA0D1C61CEA500D36B29;
			productRefGroup = 4976AA171C61CEA500D36B29 /* Products */;
			projectDirPath = "";
			projectRoot = "";
			targets = (
				4976AA151C61CEA500D36B29 /* Dongal */,
				4976AA2E1C61CEA500D36B29 /* DongalTests */,
				4976AA391C61CEA500D36B29 /* DongalUITests */,
			);
		};
/* End PBXProject section */

/* Begin PBXResourcesBuildPhase section */
		4976AA141C61CEA500D36B29 /* Resources */ = {
			isa = PBXResourcesBuildPhase;
			buildActionMask = 2147483647;
			files = (
				4976AA291C61CEA500D36B29 /* LaunchScreen.storyboard in Resources */,
				4976AA261C61CEA500D36B29 /* Assets.xcassets in Resources */,
				4976AA241C61CEA500D36B29 /* Main.storyboard in Resources */,
			);
			runOnlyForDeploymentPostprocessing = 0;
		};
		4976AA2D1C61CEA500D36B29 /* Resources */ = {
			isa = PBXResourcesBuildPhase;
			buildActionMask = 2147483647;
			files = (
			);
			runOnlyForDeploymentPostprocessing = 0;
		};
		4976AA381C61CEA500D36B29 /* Resources */ = {
			isa = PBXResourcesBuildPhase;
			buildActionMask = 2147483647;
			files = (
			);
			runOnlyForDeploymentPostprocessing = 0;
		};
/* End PBXResourcesBuildPhase section */

/* Begin PBXSourcesBuildPhase section */
		4976AA121C61CEA500D36B29 /* Sources */ = {
			isa = PBXSourcesBuildPhase;
			buildActionMask = 2147483647;
			files = (
				4976AA211C61CEA500D36B29 /* ViewController.m in Sources */,
				4976AA1E1C61CEA500D36B29 /* AppDelegate.m in Sources */,
				4976AA1B1C61CEA500D36B29 /* main.m in Sources */,
			);
			runOnlyForDeploymentPostprocessing = 0;
		};
		4976AA2B1C61CEA500D36B29 /* Sources */ = {
			isa = PBXSourcesBuildPhase;
			buildActionMask = 2147483647;
			files = (
				4976AA341C61CEA500D36B29 /* DongalTests.m in Sources */,
			);
			runOnlyForDeploymentPostprocessing = 0;
		};
		4976AA361C61CEA500D36B29 /* Sources */ = {
			isa = PBXSourcesBuildPhase;
			buildActionMask = 2147483647;
			files = (
				4976AA3F1C61CEA500D36B29 /* DongalUITests.m in Sources */,
			);
			runOnlyForDeploymentPostprocessing = 0;
		};
/* End PBXSourcesBuildPhase section */

/* Begin PBXTargetDependency section */
		4976AA311C61CEA500D36B29 /* PBXTargetDependency */ = {
			isa = PBXTargetDependency;
			target = 4976AA151C61CEA500D36B29 /* Dongal */;
			targetProxy = 4976AA301C61CEA500D36B29 /* PBXContainerItemProxy */;
		};
		4976AA3C1C61CEA500D36B29 /* PBXTargetDependency */ = {
			isa = PBXTargetDependency;
			target = 4976AA151C61CEA500D36B29 /* Dongal */;
			targetProxy = 4976AA3B1C61CEA500D36B29 /* PBXContainerItemProxy */;
		};
/* End PBXTargetDependency section */

/* Begin PBXVariantGroup section */
		4976AA221C61CEA500D36B29 /* Main.storyboard */ = {
			isa = PBXVariantGroup;
			children = (
				4976AA231C61CEA500D36B29 /* Base */,
			);
			name = Main.storyboard;
			sourceTree = "<group>";
		};
		4976AA271C61CEA500D36B29 /* LaunchScreen.storyboard */ = {
			isa = PBXVariantGroup;
			children = (
				4976AA281C61CEA500D36B29 /* Base */,
			);
			name = LaunchScreen.storyboard;
			sourceTree = "<group>";
		};
/* End PBXVariantGroup section */

/* Begin XCBuildConfiguration section */
		4976AA411C61CEA500D36B29 /* Debug */ = {
			isa = XCBuildConfiguration;
			buildSettings = {
				ALWAYS_SEARCH_USER_PATHS = NO;
				CLANG_CXX_LANGUAGE_STANDARD = "gnu++0x";
				CLANG_CXX_LIBRARY = "libc++";
				CLANG_ENABLE_MODULES = YES;
				CLANG_ENABLE_OBJC_ARC = YES;
				CLANG_WARN_BOOL_CONVERSION = YES;
				CLANG_WARN_CONSTANT_CONVERSION = YES;
				CLANG_WARN_DIRECT_OBJC_ISA_USAGE = YES_ERROR;
				CLANG_WARN_EMPTY_BODY = YES;
				CLANG_WARN_ENUM_CONVERSION = YES;
				CLANG_WARN_INT_CONVERSION = YES;
				CLANG_WARN_OBJC_ROOT_CLASS = YES_ERROR;
				CLANG_WARN_UNREACHABLE_CODE = YES;
				CLANG_WARN__DUPLICATE_METHOD_MATCH = YES;
				"CODE_SIGN_IDENTITY[sdk=iphoneos*]" = "iPhone Developer";
				COPY_PHASE_STRIP = NO;
				DEBUG_INFORMATION_FORMAT = dwarf;
				ENABLE_STRICT_OBJC_MSGSEND = YES;
				ENABLE_TESTABILITY = YES;
				GCC_C_LANGUAGE_STANDARD = gnu99;
				GCC_DYNAMIC_NO_PIC = NO;
				GCC_NO_COMMON_BLOCKS = YES;
				GCC_OPTIMIZATION_LEVEL = 0;
				GCC_PREPROCESSOR_DEFINITIONS = (
					"DEBUG=1",
					"$(inherited)",
				);
				GCC_WARN_64_TO_32_BIT_CONVERSION = YES;
				GCC_WARN_ABOUT_RETURN_TYPE = YES_ERROR;
				GCC_WARN_UNDECLARED_SELECTOR = YES;
				GCC_WARN_UNINITIALIZED_AUTOS = YES_AGGRESSIVE;
				GCC_WARN_UNUSED_FUNCTION = YES;
				GCC_WARN_UNUSED_VARIABLE = YES;
				IPHONEOS_DEPLOYMENT_TARGET = 9.2;
				MTL_ENABLE_DEBUG_INFO = YES;
				ONLY_ACTIVE_ARCH = YES;
				SDKROOT = iphoneos;
			};
			name = Debug;
		};
		4976AA421C61CEA500D36B29 /* Release */ = {
			isa = XCBuildConfiguration;
			buildSettings = {
				ALWAYS_SEARCH_USER_PATHS = NO;
				CLANG_CXX_LANGUAGE_STANDARD = "gnu++0x";
				CLANG_CXX_LIBRARY = "libc++";
				CLANG_ENABLE_MODULES = YES;
				CLANG_ENABLE_OBJC_ARC = YES;
				CLANG_WARN_BOOL_CONVERSION = YES;
				CLANG_WARN_CONSTANT_CONVERSION = YES;
				CLANG_WARN_DIRECT_OBJC_ISA_USAGE = YES_ERROR;
				CLANG_WARN_EMPTY_BODY = YES;
				CLANG_WARN_ENUM_CONVERSION = YES;
				CLANG_WARN_INT_CONVERSION = YES;
				CLANG_WARN_OBJC_ROOT_CLASS = YES_ERROR;
				CLANG_WARN_UNREACHABLE_CODE = YES;
				CLANG_WARN__DUPLICATE_METHOD_MATCH = YES;
				"CODE_SIGN_IDENTITY[sdk=iphoneos*]" = "iPhone Developer";
				COPY_PHASE_STRIP = NO;
				DEBUG_INFORMATION_FORMAT = "dwarf-with-dsym";
				ENABLE_NS_ASSERTIONS = NO;
				ENABLE_STRICT_OBJC_MSGSEND = YES;
				GCC_C_LANGUAGE_STANDARD = gnu99;
				GCC_NO_COMMON_BLOCKS = YES;
				GCC_WARN_64_TO_32_BIT_CONVERSION = YES;
				GCC_WARN_ABOUT_RETURN_TYPE = YES_ERROR;
				GCC_WARN_UNDECLARED_SELECTOR = YES;
				GCC_WARN_UNINITIALIZED_AUTOS = YES_AGGRESSIVE;
				GCC_WARN_UNUSED_FUNCTION = YES;
				GCC_WARN_UNUSED_VARIABLE = YES;
				IPHONEOS_DEPLOYMENT_TARGET = 9.2;
				MTL_ENABLE_DEBUG_INFO = NO;
				SDKROOT = iphoneos;
				VALIDATE_PRODUCT = YES;
			};
			name = Release;
		};
		4976AA441C61CEA500D36B29 /* Debug */ = {
			isa = XCBuildConfiguration;
			buildSettings = {
				ASSETCATALOG_COMPILER_APPICON_NAME = AppIcon;
				INFOPLIST_FILE = Dongal/Info.plist;
				LD_RUNPATH_SEARCH_PATHS = "$(inherited) @executable_path/Frameworks";
				PRODUCT_BUNDLE_IDENTIFIER = com.twentyApps.Dongal;
				PRODUCT_NAME = "$(TARGET_NAME)";
			};
			name = Debug;
		};
		4976AA451C61CEA500D36B29 /* Release */ = {
			isa = XCBuildConfiguration;
			buildSettings = {
				ASSETCATALOG_COMPILER_APPICON_NAME = AppIcon;
				INFOPLIST_FILE = Dongal/Info.plist;
				LD_RUNPATH_SEARCH_PATHS = "$(inherited) @executable_path/Frameworks";
				PRODUCT_BUNDLE_IDENTIFIER = com.twentyApps.Dongal;
				PRODUCT_NAME = "$(TARGET_NAME)";
			};
			name = Release;
		};
		4976AA471C61CEA500D36B29 /* Debug */ = {
			isa = XCBuildConfiguration;
			buildSettings = {
				BUNDLE_LOADER = "$(TEST_HOST)";
				INFOPLIST_FILE = DongalTests/Info.plist;
				LD_RUNPATH_SEARCH_PATHS = "$(inherited) @executable_path/Frameworks @loader_path/Frameworks";
				PRODUCT_BUNDLE_IDENTIFIER = com.twentyApps.DongalTests;
				PRODUCT_NAME = "$(TARGET_NAME)";
				TEST_HOST = "$(BUILT_PRODUCTS_DIR)/Dongal.app/Dongal";
			};
			name = Debug;
		};
		4976AA481C61CEA500D36B29 /* Release */ = {
			isa = XCBuildConfiguration;
			buildSettings = {
				BUNDLE_LOADER = "$(TEST_HOST)";
				INFOPLIST_FILE = DongalTests/Info.plist;
				LD_RUNPATH_SEARCH_PATHS = "$(inherited) @executable_path/Frameworks @loader_path/Frameworks";
				PRODUCT_BUNDLE_IDENTIFIER = com.twentyApps.DongalTests;
				PRODUCT_NAME = "$(TARGET_NAME)";
				TEST_HOST = "$(BUILT_PRODUCTS_DIR)/Dongal.app/Dongal";
			};
			name = Release;
		};
		4976AA4A1C61CEA500D36B29 /* Debug */ = {
			isa = XCBuildConfiguration;
			buildSettings = {
				INFOPLIST_FILE = DongalUITests/Info.plist;
				LD_RUNPATH_SEARCH_PATHS = "$(inherited) @executable_path/Frameworks @loader_path/Frameworks";
				PRODUCT_BUNDLE_IDENTIFIER = com.twentyApps.DongalUITests;
				PRODUCT_NAME = "$(TARGET_NAME)";
				TEST_TARGET_NAME = Dongal;
				USES_XCTRUNNER = YES;
			};
			name = Debug;
		};
		4976AA4B1C61CEA500D36B29 /* Release */ = {
			isa = XCBuildConfiguration;
			buildSettings = {
				INFOPLIST_FILE = DongalUITests/Info.plist;
				LD_RUNPATH_SEARCH_PATHS = "$(inherited) @executable_path/Frameworks @loader_path/Frameworks";
				PRODUCT_BUNDLE_IDENTIFIER = com.twentyApps.DongalUITests;
				PRODUCT_NAME = "$(TARGET_NAME)";
				TEST_TARGET_NAME = Dongal;
				USES_XCTRUNNER = YES;
			};
			name = Release;
		};
/* End XCBuildConfiguration section */

/* Begin XCConfigurationList section */
		4976AA111C61CEA500D36B29 /* Build configuration list for PBXProject "Dongal" */ = {
			isa = XCConfigurationList;
			buildConfigurations = (
				4976AA411C61CEA500D36B29 /* Debug */,
				4976AA421C61CEA500D36B29 /* Release */,
			);
			defaultConfigurationIsVisible = 0;
			defaultConfigurationName = Release;
		};
		4976AA431C61CEA500D36B29 /* Build configuration list for PBXNativeTarget "Dongal" */ = {
			isa = XCConfigurationList;
			buildConfigurations = (
				4976AA441C61CEA500D36B29 /* Debug */,
				4976AA451C61CEA500D36B29 /* Release */,
			);
			defaultConfigurationIsVisible = 0;
		};
		4976AA461C61CEA500D36B29 /* Build configuration list for PBXNativeTarget "DongalTests" */ = {
			isa = XCConfigurationList;
			buildConfigurations = (
				4976AA471C61CEA500D36B29 /* Debug */,
				4976AA481C61CEA500D36B29 /* Release */,
			);
			defaultConfigurationIsVisible = 0;
		};
		4976AA491C61CEA500D36B29 /* Build configuration list for PBXNativeTarget "DongalUITests" */ = {
			isa = XCConfigurationList;
			buildConfigurations = (
				4976AA4A1C61CEA500D36B29 /* Debug */,
				4976AA4B1C61CEA500D36B29 /* Release */,
			);
			defaultConfigurationIsVisible = 0;
		};
/* End XCConfigurationList section */
	};
	rootObject = 4976AA0E1C61CEA500D36B29 /* Project object */;
}
